
Microsoft Visual Studio Solution File, Format Version 12.00
# Visual Studio Version 17
VisualStudioVersion = 17.2.32630.192
MinimumVisualStudioVersion = 10.0.40219.1
Project("{9A19103F-16F7-4668-BE54-9A1E7A4F7556}") = "Ordering", "Ordering\Ordering.csproj", "{9711289D-ED8C-4529-B981-85558663203D}"
EndProject
Project("{FAE04EC0-301F-11D3-BF4B-00C04F79EFBC}") = "OrderingTest", "OrderingTest\OrderingTest.csproj", "{667ED5AC-AB2A-47B5-AE6A-01371514135C}"
EndProject
Global
	GlobalSection(SolutionConfigurationPlatforms) = preSolution
		Debug|Any CPU = Debug|Any CPU
		Release|Any CPU = Release|Any CPU
	EndGlobalSection
	GlobalSection(ProjectConfigurationPlatforms) = postSolution
		{9711289D-ED8C-4529-B981-85558663203D}.Debug|Any CPU.ActiveCfg = Debug|Any CPU
		{9711289D-ED8C-4529-B981-85558663203D}.Debug|Any CPU.Build.0 = Debug|Any CPU
		{9711289D-ED8C-4529-B981-85558663203D}.Release|Any CPU.ActiveCfg = Release|Any CPU
		{9711289D-ED8C-4529-B981-85558663203D}.Release|Any CPU.Build.0 = Release|Any CPU
		{667ED5AC-AB2A-47B5-AE6A-01371514135C}.Debug|Any CPU.ActiveCfg = Debug|Any CPU
		{667ED5AC-AB2A-47B5-AE6A-01371514135C}.Debug|Any CPU.Build.0 = Debug|Any CPU
		{667ED5AC-AB2A-47B5-AE6A-01371514135C}.Release|Any CPU.ActiveCfg = Release|Any CPU
		{667ED5AC-AB2A-47B5-AE6A-01371514135C}.Release|Any CPU.Build.0 = Release|Any CPU
	EndGlobalSection
	GlobalSection(SolutionProperties) = preSolution
		HideSolutionNode = FALSE
	EndGlobalSection
	GlobalSection(ExtensibilityGlobals) = postSolution
		SolutionGuid = {FA887831-34A1-41E8-A116-B308468C2FFD}
	EndGlobalSection
EndGlobal
